
Microsoft Visual Studio Solution File, Format Version 12.00
# Visual Studio Version 16
VisualStudioVersion = 16.0.34114.132
MinimumVisualStudioVersion = 10.0.40219.1
Project("{FAE04EC0-301F-11D3-BF4B-00C04F79EFBC}") = "WpfApp1", "WpfApp1\WpfApp1.csproj", "{2C9ADA92-AA73-4A11-9F12-5F72581E8BE5}"
EndProject
Global
	GlobalSection(SolutionConfigurationPlatforms) = preSolution
		Debug|Any CPU = Debug|Any CPU
		Release|Any CPU = Release|Any CPU
	EndGlobalSection
	GlobalSection(ProjectConfigurationPlatforms) = postSolution
		{2C9ADA92-AA73-4A11-9F12-5F72581E8BE5}.Debug|Any CPU.ActiveCfg = Debug|Any CPU
		{2C9ADA92-AA73-4A11-9F12-5F72581E8BE5}.Debug|Any CPU.Build.0 = Debug|Any CPU
		{2C9ADA92-AA73-4A11-9F12-5F72581E8BE5}.Release|Any CPU.ActiveCfg = Release|Any CPU
		{2C9ADA92-AA73-4A11-9F12-5F72581E8BE5}.Release|Any CPU.Build.0 = Release|Any CPU
	EndGlobalSection
	GlobalSection(SolutionProperties) = preSolution
		HideSolutionNode = FALSE
	EndGlobalSection
	GlobalSection(ExtensibilityGlobals) = postSolution
		SolutionGuid = {9978D6BA-F891-44A5-981E-7DAEC6D8F491}
	EndGlobalSection
EndGlobal
